{
  "nodes": {
    "helium": {
      "inputs": {
        "nixpkgs": [
          "nixpkgs",
          "src"
        ],
        "utils": [
          "kwin-blur",
          "utils"
        ]
      },
      "locked": {
        "lastModified": 1788604781,
        "narHash": "sha256-fKQHPhKj1/k+ApcYCex7iNiVDlmQ/hYICKVLzh3gDNA=",
        "owner": "jcdickinson",
        "repo": "helium-wv",
        "rev": "ec082bf1fb495effd2285f883edc3d08ee5e8f97",
        "type": "github"
      },
      "original": {
        "owner": "jcdickinson",
        "repo": "helium-wv",
        "type": "github"
      }
    },
    "kwin-blur": {
      "inputs": {
        "nixpkgs": [
          "nixpkgs",
          "src"
        ],
        "utils": "utils"
      },
      "locked": {
        "lastModified": 1786045873,
        "narHash": "sha256-2s0wSFq3yQ7zXxgt7GxRn8d6qJ02X3hMVEAciyFBPBA=",
        "owner": "xarblu",
        "repo": "kwin-effects-better-blur-dx",
        "rev": "4f659e86b933111f757e25ba4b04e53188684c68",
        "type": "github"
      },
      "original": {
        "owner": "xarblu",
        "repo": "kwin-effects-better-blur-dx",
        "type": "github"
      }
    },
    "minimal": {
      "locked": {
        "lastModified": 1785440364,
        "narHash": "sha256-Cz/jtj569TpZwPS1hqdUXQGhdzxHF3MFiKRGSOXwhkk=",
        "owner": "DavidArsene",
        "repo": "minimal.nix",
        "rev": "99364e0f05d8245ae09a14b6e358e400d0c119f1",
        "type": "github"
      },
      "original": {
        "owner": "DavidArsene",
        "repo": "minimal.nix",
        "type": "github"
      }
    },
    "mypkgs": {
      "inputs": {
        "nixpkgs": [
          "nixpkgs"
        ]
      },
      "locked": {
        "lastModified": 1785741374,
        "narHash": "sha256-Bjm7ZfhcLXqlQSPxkBVT1qvSUoYiUO62USa8Hd8981E=",
        "owner": "DavidArsene",
        "repo": "nur.nix",
        "rev": "e82bc18db345ad922709b9a8471f3e33aa67cc55",
        "type": "github"
      },
      "original": {
        "owner": "DavidArsene",
        "repo": "nur.nix",
        "type": "github"
      }
    },
    "newpkgs": {
      "inputs": {
        "src": "src"
      },
      "locked": {
        "lastModified": 1788432265,
        "narHash": "sha256-MfMHq6PjQPAsiFMo74WMZVLmV3PZktrcJDnpw7HI+7k=",
        "ref": "refs/heads/master",
        "rev": "6dac069d43e68189886e3035ceaddc2922977b90",
        "revCount": 23,
        "type": "git",
        "url": "https://gist.github.com/DavidArsene/67cade0eb2629d875712c6283ae1557d"
      },
      "original": {
        "type": "git",
        "url": "https://gist.github.com/DavidArsene/67cade0eb2629d875712c6283ae1557d"
      }
    },
    "nix-custom": {
      "inputs": {
        "nixpkgs": [
          "nixpkgs",
          "src"
        ]
      },
      "locked": {
        "lastModified": 1788715052,
        "narHash": "sha256-q/xVH5QSKSSRqN/wQIY22HTFaBYM6qzGJzjWuQSAC2M=",
        "owner": "DavidArsene",
        "repo": "nix",
        "rev": "e76f69512ec76ee9da68f46c2455cd592c1fa1ac",
        "type": "github"
      },
      "original": {
        "owner": "DavidArsene",
        "repo": "nix",
        "type": "github"
      }
    },
    "nix-index-db": {
      "inputs": {
        "nixpkgs": [
          "nixpkgs"
        ]
      },
      "locked": {
        "lastModified": 1788680125,
        "narHash": "sha256-amGSoDobwmp4CFvCn841ws2iuitus+HUJdD/gKgsrJA=",
        "owner": "nix-community",
        "repo": "nix-index-database",
        "rev": "116ad1c2adb642405ef8916f6a94c8626f971344",
        "type": "github"
      },
      "original": {
        "owner": "nix-community",
        "repo": "nix-index-database",
        "type": "github"
      }
    },
    "root": {
      "inputs": {
        "helium": "helium",
        "kwin-blur": "kwin-blur",
        "minimal": "minimal",
        "mypkgs": "mypkgs",
        "newpkgs": "newpkgs",
        "nix-custom": "nix-custom",
        "nix-index-db": "nix-index-db",
        "nixpkgs": [
          "newpkgs"
        ],
        "spicetify": "spicetify"
      }
    },
    "spicetify": {
      "inputs": {
        "nixpkgs": [
          "nixpkgs"
        ],
        "systems": [
          "kwin-blur",
          "utils",
          "systems"
        ]
      },
      "locked": {
        "lastModified": 1788683578,
        "narHash": "sha256-bERpuakmPAC2b36zgXy6OXh+SkZUjbaV+vV2sPmm6p8=",
        "owner": "Gerg-L",
        "repo": "spicetify-nix",
        "rev": "a4ef43fb13e3615f36e5a0935aabe8cc29363dc9",
        "type": "github"
      },
      "original": {
        "owner": "Gerg-L",
        "repo": "spicetify-nix",
        "type": "github"
      }
    },
    "src": {
      "locked": {
        "lastModified": 1788614874,
        "narHash": "sha256-7QYjT2vHLuX9Z1pdxHXDKCbh1CR3D/2rywB9Tx0MPRg=",
        "owner": "NixOS",
        "repo": "nixpkgs",
        "rev": "c043004d1c6985732bcc1cbc5a9c9aecbbb4e0f0",
        "type": "github"
      },
      "original": {
        "owner": "NixOS",
        "ref": "nixos-unstable",
        "repo": "nixpkgs",
        "type": "github"
      }
    },
    "systems": {
      "locked": {
        "lastModified": 1681028828,
        "narHash": "sha256-Vy1rq5AaRuLzOxct8nz4T6wlgyUR7zLU309k9mBC768=",
        "owner": "nix-systems",
        "repo": "default",
        "rev": "da67096a3b9bf56a91d16901293e51ba5b49a27e",
        "type": "github"
      },
      "original": {
        "owner": "nix-systems",
        "repo": "default",
        "type": "github"
      }
    },
    "utils": {
      "inputs": {
        "systems": "systems"
      },
      "locked": {
        "lastModified": 1726560853,
        "narHash": "sha256-X6rJYSESBVr3hBoH0WbKE5KvhPU5bloyZ2L4K60/fPQ=",
        "owner": "numtide",
        "repo": "flake-utils",
        "rev": "c1dfcf08411b08f6b8615f7d8971a2bfa81d5e8a",
        "type": "github"
      },
      "original": {
        "owner": "numtide",
        "repo": "flake-utils",
        "type": "github"
      }
    }
  },
  "root": "root",
  "version": 7
}
